
Microsoft Visual Studio Solution File, Format Version 12.00
# Visual Studio Version 17
VisualStudioVersion = 17.7.34031.279
MinimumVisualStudioVersion = 10.0.40219.1
Project("{9A19103F-16F7-4668-BE54-9A1E7A4F7556}") = "eShop", "eShop\eShop.csproj", "{B79A0091-1553-441E-A4BA-B5645C38C180}"
EndProject
Project("{9A19103F-16F7-4668-BE54-9A1E7A4F7556}") = "eShop.Models", "eShop.Model\eShop.Models.csproj", "{8455B9A8-5A60-4C70-90B5-9A274BF07F43}"
EndProject
Project("{9A19103F-16F7-4668-BE54-9A1E7A4F7556}") = "eShop.Services", "eShop.Services\eShop.Services.csproj", "{B15E187A-D481-457B-BCF6-C34541EF8298}"
EndProject
Project("{9A19103F-16F7-4668-BE54-9A1E7A4F7556}") = "eShop.Subscriber", "eProdaja.Subscriber\eShop.Subscriber.csproj", "{DF0A0A08-6968-4AD4-ADA8-9E07D62DB0F5}"
EndProject
Project("{2150E333-8FDC-42A3-9474-1A3956D46DE8}") = "Solution Items", "Solution Items", "{C0E0D05C-035C-4AB1-A07D-2570916BE8EE}"
	ProjectSection(SolutionItems) = preProject
		docker-compose.yml = docker-compose.yml
		Dockerfile. = Dockerfile.
	EndProjectSection
EndProject
Global
	GlobalSection(SolutionConfigurationPlatforms) = preSolution
		Debug|Any CPU = Debug|Any CPU
		Release|Any CPU = Release|Any CPU
	EndGlobalSection
	GlobalSection(ProjectConfigurationPlatforms) = postSolution
		{B79A0091-1553-441E-A4BA-B5645C38C180}.Debug|Any CPU.ActiveCfg = Debug|Any CPU
		{B79A0091-1553-441E-A4BA-B5645C38C180}.Debug|Any CPU.Build.0 = Debug|Any CPU
		{B79A0091-1553-441E-A4BA-B5645C38C180}.Release|Any CPU.ActiveCfg = Release|Any CPU
		{B79A0091-1553-441E-A4BA-B5645C38C180}.Release|Any CPU.Build.0 = Release|Any CPU
		{8455B9A8-5A60-4C70-90B5-9A274BF07F43}.Debug|Any CPU.ActiveCfg = Debug|Any CPU
		{8455B9A8-5A60-4C70-90B5-9A274BF07F43}.Debug|Any CPU.Build.0 = Debug|Any CPU
		{8455B9A8-5A60-4C70-90B5-9A274BF07F43}.Release|Any CPU.ActiveCfg = Release|Any CPU
		{8455B9A8-5A60-4C70-90B5-9A274BF07F43}.Release|Any CPU.Build.0 = Release|Any CPU
		{B15E187A-D481-457B-BCF6-C34541EF8298}.Debug|Any CPU.ActiveCfg = Debug|Any CPU
		{B15E187A-D481-457B-BCF6-C34541EF8298}.Debug|Any CPU.Build.0 = Debug|Any CPU
		{B15E187A-D481-457B-BCF6-C34541EF8298}.Release|Any CPU.ActiveCfg = Release|Any CPU
		{B15E187A-D481-457B-BCF6-C34541EF8298}.Release|Any CPU.Build.0 = Release|Any CPU
		{DF0A0A08-6968-4AD4-ADA8-9E07D62DB0F5}.Debug|Any CPU.ActiveCfg = Debug|Any CPU
		{DF0A0A08-6968-4AD4-ADA8-9E07D62DB0F5}.Debug|Any CPU.Build.0 = Debug|Any CPU
		{DF0A0A08-6968-4AD4-ADA8-9E07D62DB0F5}.Release|Any CPU.ActiveCfg = Release|Any CPU
		{DF0A0A08-6968-4AD4-ADA8-9E07D62DB0F5}.Release|Any CPU.Build.0 = Release|Any CPU
	EndGlobalSection
	GlobalSection(SolutionProperties) = preSolution
		HideSolutionNode = FALSE
	EndGlobalSection
	GlobalSection(ExtensibilityGlobals) = postSolution
		SolutionGuid = {0793AFA0-A472-43DA-B790-9A107C7184C4}
	EndGlobalSection
EndGlobal
